
Microsoft Visual Studio Solution File, Format Version 12.00
# Visual Studio Version 17
VisualStudioVersion = 17.0.31903.59
MinimumVisualStudioVersion = 10.0.40219.1
Project("{FAE04EC0-301F-11D3-BF4B-00C04F79EFBC}") = "API", "API\API.csproj", "{A47D778A-BF30-4520-9C2C-6BC67F8773F3}"
EndProject
Project("{FAE04EC0-301F-11D3-BF4B-00C04F79EFBC}") = "Core", "Core\Core.csproj", "{B213A2A5-F161-4CC9-8FAA-98D5A63D52A7}"
EndProject
Project("{FAE04EC0-301F-11D3-BF4B-00C04F79EFBC}") = "Infrastructure", "Infrastructure\Infrastructure.csproj", "{0CB21E5E-AD73-4C49-81DB-DB85A8DD319D}"
EndProject
Global
	GlobalSection(SolutionConfigurationPlatforms) = preSolution
		Debug|Any CPU = Debug|Any CPU
		Release|Any CPU = Release|Any CPU
	EndGlobalSection
	GlobalSection(SolutionProperties) = preSolution
		HideSolutionNode = FALSE
	EndGlobalSection
	GlobalSection(ProjectConfigurationPlatforms) = postSolution
		{A47D778A-BF30-4520-9C2C-6BC67F8773F3}.Debug|Any CPU.ActiveCfg = Debug|Any CPU
		{A47D778A-BF30-4520-9C2C-6BC67F8773F3}.Debug|Any CPU.Build.0 = Debug|Any CPU
		{A47D778A-BF30-4520-9C2C-6BC67F8773F3}.Release|Any CPU.ActiveCfg = Release|Any CPU
		{A47D778A-BF30-4520-9C2C-6BC67F8773F3}.Release|Any CPU.Build.0 = Release|Any CPU
		{B213A2A5-F161-4CC9-8FAA-98D5A63D52A7}.Debug|Any CPU.ActiveCfg = Debug|Any CPU
		{B213A2A5-F161-4CC9-8FAA-98D5A63D52A7}.Debug|Any CPU.Build.0 = Debug|Any CPU
		{B213A2A5-F161-4CC9-8FAA-98D5A63D52A7}.Release|Any CPU.ActiveCfg = Release|Any CPU
		{B213A2A5-F161-4CC9-8FAA-98D5A63D52A7}.Release|Any CPU.Build.0 = Release|Any CPU
		{0CB21E5E-AD73-4C49-81DB-DB85A8DD319D}.Debug|Any CPU.ActiveCfg = Debug|Any CPU
		{0CB21E5E-AD73-4C49-81DB-DB85A8DD319D}.Debug|Any CPU.Build.0 = Debug|Any CPU
		{0CB21E5E-AD73-4C49-81DB-DB85A8DD319D}.Release|Any CPU.ActiveCfg = Release|Any CPU
		{0CB21E5E-AD73-4C49-81DB-DB85A8DD319D}.Release|Any CPU.Build.0 = Release|Any CPU
	EndGlobalSection
EndGlobal
